
Microsoft Visual Studio Solution File, Format Version 12.00
# Visual Studio 15
VisualStudioVersion = 15.0.27004.2010
MinimumVisualStudioVersion = 10.0.40219.1
Project("{D954291E-2A0B-460D-934E-DC6B0785DB48}") = "Kbry.Mobile", "Kbry.Mobile\Kbry.Mobile\Kbry.Mobile.shproj", "{509016AA-579A-4EA6-9781-29EE742F0747}"
EndProject
Project("{FAE04EC0-301F-11D3-BF4B-00C04F79EFBC}") = "Kbry.Mobile.Android", "Kbry.Mobile\Kbry.Mobile.Android\Kbry.Mobile.Android.csproj", "{E3670B97-AB38-4942-8071-CAA37F53F07D}"
EndProject
Project("{FAE04EC0-301F-11D3-BF4B-00C04F79EFBC}") = "Kbry.Mobile.iOS", "Kbry.Mobile\Kbry.Mobile.iOS\Kbry.Mobile.iOS.csproj", "{8509D35C-F624-4566-8CFF-716E9A1EEE1E}"
EndProject
Project("{FAE04EC0-301F-11D3-BF4B-00C04F79EFBC}") = "Kbry.Data", "Kbry.Data\Kbry.Data.csproj", "{302EF8BB-A82C-4AF8-9830-31E742C6D84D}"
EndProject
Project("{FAE04EC0-301F-11D3-BF4B-00C04F79EFBC}") = "Kbry.API", "Kbry.API\Kbry.API.csproj", "{95EA9303-201E-4C0B-BAAE-6017F02FE8F1}"
EndProject
Project("{FAE04EC0-301F-11D3-BF4B-00C04F79EFBC}") = "Kbry.Web", "Kbry.Web\Kbry.Web.csproj", "{828F7D7E-4145-493B-BE19-BC558374195B}"
EndProject
Global
	GlobalSection(SharedMSBuildProjectFiles) = preSolution
		Kbry.Mobile\Kbry.Mobile\Kbry.Mobile.projitems*{509016aa-579a-4ea6-9781-29ee742f0747}*SharedItemsImports = 13
		Kbry.Mobile\Kbry.Mobile\Kbry.Mobile.projitems*{8509d35c-f624-4566-8cff-716e9a1eee1e}*SharedItemsImports = 4
		Kbry.Mobile\Kbry.Mobile\Kbry.Mobile.projitems*{e3670b97-ab38-4942-8071-caa37f53f07d}*SharedItemsImports = 4
	EndGlobalSection
	GlobalSection(SolutionConfigurationPlatforms) = preSolution
		Debug|Any CPU = Debug|Any CPU
		Debug|iPhone = Debug|iPhone
		Debug|iPhoneSimulator = Debug|iPhoneSimulator
		Release|Any CPU = Release|Any CPU
		Release|iPhone = Release|iPhone
		Release|iPhoneSimulator = Release|iPhoneSimulator
	EndGlobalSection
	GlobalSection(ProjectConfigurationPlatforms) = postSolution
		{E3670B97-AB38-4942-8071-CAA37F53F07D}.Debug|Any CPU.ActiveCfg = Debug|Any CPU
		{E3670B97-AB38-4942-8071-CAA37F53F07D}.Debug|Any CPU.Build.0 = Debug|Any CPU
		{E3670B97-AB38-4942-8071-CAA37F53F07D}.Debug|Any CPU.Deploy.0 = Debug|Any CPU
		{E3670B97-AB38-4942-8071-CAA37F53F07D}.Debug|iPhone.ActiveCfg = Debug|Any CPU
		{E3670B97-AB38-4942-8071-CAA37F53F07D}.Debug|iPhone.Build.0 = Debug|Any CPU
		{E3670B97-AB38-4942-8071-CAA37F53F07D}.Debug|iPhone.Deploy.0 = Debug|Any CPU
		{E3670B97-AB38-4942-8071-CAA37F53F07D}.Debug|iPhoneSimulator.ActiveCfg = Debug|Any CPU
		{E3670B97-AB38-4942-8071-CAA37F53F07D}.Debug|iPhoneSimulator.Build.0 = Debug|Any CPU
		{E3670B97-AB38-4942-8071-CAA37F53F07D}.Debug|iPhoneSimulator.Deploy.0 = Debug|Any CPU
		{E3670B97-AB38-4942-8071-CAA37F53F07D}.Release|Any CPU.ActiveCfg = Release|Any CPU
		{E3670B97-AB38-4942-8071-CAA37F53F07D}.Release|Any CPU.Build.0 = Release|Any CPU
		{E3670B97-AB38-4942-8071-CAA37F53F07D}.Release|Any CPU.Deploy.0 = Release|Any CPU
		{E3670B97-AB38-4942-8071-CAA37F53F07D}.Release|iPhone.ActiveCfg = Release|Any CPU
		{E3670B97-AB38-4942-8071-CAA37F53F07D}.Release|iPhone.Build.0 = Release|Any CPU
		{E3670B97-AB38-4942-8071-CAA37F53F07D}.Release|iPhone.Deploy.0 = Release|Any CPU
		{E3670B97-AB38-4942-8071-CAA37F53F07D}.Release|iPhoneSimulator.ActiveCfg = Release|Any CPU
		{E3670B97-AB38-4942-8071-CAA37F53F07D}.Release|iPhoneSimulator.Build.0 = Release|Any CPU
		{E3670B97-AB38-4942-8071-CAA37F53F07D}.Release|iPhoneSimulator.Deploy.0 = Release|Any CPU
		{8509D35C-F624-4566-8CFF-716E9A1EEE1E}.Debug|Any CPU.ActiveCfg = Debug|iPhoneSimulator
		{8509D35C-F624-4566-8CFF-716E9A1EEE1E}.Debug|iPhone.ActiveCfg = Debug|iPhone
		{8509D35C-F624-4566-8CFF-716E9A1EEE1E}.Debug|iPhone.Build.0 = Debug|iPhone
		{8509D35C-F624-4566-8CFF-716E9A1EEE1E}.Debug|iPhoneSimulator.ActiveCfg = Debug|iPhoneSimulator
		{8509D35C-F624-4566-8CFF-716E9A1EEE1E}.Debug|iPhoneSimulator.Build.0 = Debug|iPhoneSimulator
		{8509D35C-F624-4566-8CFF-716E9A1EEE1E}.Release|Any CPU.ActiveCfg = Release|iPhoneSimulator
		{8509D35C-F624-4566-8CFF-716E9A1EEE1E}.Release|iPhone.ActiveCfg = Release|iPhone
		{8509D35C-F624-4566-8CFF-716E9A1EEE1E}.Release|iPhone.Build.0 = Release|iPhone
		{8509D35C-F624-4566-8CFF-716E9A1EEE1E}.Release|iPhoneSimulator.ActiveCfg = Release|iPhoneSimulator
		{8509D35C-F624-4566-8CFF-716E9A1EEE1E}.Release|iPhoneSimulator.Build.0 = Release|iPhoneSimulator
		{302EF8BB-A82C-4AF8-9830-31E742C6D84D}.Debug|Any CPU.ActiveCfg = Debug|Any CPU
		{302EF8BB-A82C-4AF8-9830-31E742C6D84D}.Debug|Any CPU.Build.0 = Debug|Any CPU
		{302EF8BB-A82C-4AF8-9830-31E742C6D84D}.Debug|iPhone.ActiveCfg = Debug|Any CPU
		{302EF8BB-A82C-4AF8-9830-31E742C6D84D}.Debug|iPhone.Build.0 = Debug|Any CPU
		{302EF8BB-A82C-4AF8-9830-31E742C6D84D}.Debug|iPhoneSimulator.ActiveCfg = Debug|Any CPU
		{302EF8BB-A82C-4AF8-9830-31E742C6D84D}.Debug|iPhoneSimulator.Build.0 = Debug|Any CPU
		{302EF8BB-A82C-4AF8-9830-31E742C6D84D}.Release|Any CPU.ActiveCfg = Release|Any CPU
		{302EF8BB-A82C-4AF8-9830-31E742C6D84D}.Release|Any CPU.Build.0 = Release|Any CPU
		{302EF8BB-A82C-4AF8-9830-31E742C6D84D}.Release|iPhone.ActiveCfg = Release|Any CPU
		{302EF8BB-A82C-4AF8-9830-31E742C6D84D}.Release|iPhone.Build.0 = Release|Any CPU
		{302EF8BB-A82C-4AF8-9830-31E742C6D84D}.Release|iPhoneSimulator.ActiveCfg = Release|Any CPU
		{302EF8BB-A82C-4AF8-9830-31E742C6D84D}.Release|iPhoneSimulator.Build.0 = Release|Any CPU
		{95EA9303-201E-4C0B-BAAE-6017F02FE8F1}.Debug|Any CPU.ActiveCfg = Debug|Any CPU
		{95EA9303-201E-4C0B-BAAE-6017F02FE8F1}.Debug|Any CPU.Build.0 = Debug|Any CPU
		{95EA9303-201E-4C0B-BAAE-6017F02FE8F1}.Debug|iPhone.ActiveCfg = Debug|Any CPU
		{95EA9303-201E-4C0B-BAAE-6017F02FE8F1}.Debug|iPhone.Build.0 = Debug|Any CPU
		{95EA9303-201E-4C0B-BAAE-6017F02FE8F1}.Debug|iPhoneSimulator.ActiveCfg = Debug|Any CPU
		{95EA9303-201E-4C0B-BAAE-6017F02FE8F1}.Debug|iPhoneSimulator.Build.0 = Debug|Any CPU
		{95EA9303-201E-4C0B-BAAE-6017F02FE8F1}.Release|Any CPU.ActiveCfg = Release|Any CPU
		{95EA9303-201E-4C0B-BAAE-6017F02FE8F1}.Release|Any CPU.Build.0 = Release|Any CPU
		{95EA9303-201E-4C0B-BAAE-6017F02FE8F1}.Release|iPhone.ActiveCfg = Release|Any CPU
		{95EA9303-201E-4C0B-BAAE-6017F02FE8F1}.Release|iPhone.Build.0 = Release|Any CPU
		{95EA9303-201E-4C0B-BAAE-6017F02FE8F1}.Release|iPhoneSimulator.ActiveCfg = Release|Any CPU
		{95EA9303-201E-4C0B-BAAE-6017F02FE8F1}.Release|iPhoneSimulator.Build.0 = Release|Any CPU
		{828F7D7E-4145-493B-BE19-BC558374195B}.Debug|Any CPU.ActiveCfg = Debug|Any CPU
		{828F7D7E-4145-493B-BE19-BC558374195B}.Debug|Any CPU.Build.0 = Debug|Any CPU
		{828F7D7E-4145-493B-BE19-BC558374195B}.Debug|iPhone.ActiveCfg = Debug|Any CPU
		{828F7D7E-4145-493B-BE19-BC558374195B}.Debug|iPhone.Build.0 = Debug|Any CPU
		{828F7D7E-4145-493B-BE19-BC558374195B}.Debug|iPhoneSimulator.ActiveCfg = Debug|Any CPU
		{828F7D7E-4145-493B-BE19-BC558374195B}.Debug|iPhoneSimulator.Build.0 = Debug|Any CPU
		{828F7D7E-4145-493B-BE19-BC558374195B}.Release|Any CPU.ActiveCfg = Release|Any CPU
		{828F7D7E-4145-493B-BE19-BC558374195B}.Release|Any CPU.Build.0 = Release|Any CPU
		{828F7D7E-4145-493B-BE19-BC558374195B}.Release|iPhone.ActiveCfg = Release|Any CPU
		{828F7D7E-4145-493B-BE19-BC558374195B}.Release|iPhone.Build.0 = Release|Any CPU
		{828F7D7E-4145-493B-BE19-BC558374195B}.Release|iPhoneSimulator.ActiveCfg = Release|Any CPU
		{828F7D7E-4145-493B-BE19-BC558374195B}.Release|iPhoneSimulator.Build.0 = Release|Any CPU
	EndGlobalSection
	GlobalSection(SolutionProperties) = preSolution
		HideSolutionNode = FALSE
	EndGlobalSection
	GlobalSection(ExtensibilityGlobals) = postSolution
		SolutionGuid = {20815CE8-65BC-4F0F-8FA9-05638D79F5D9}
	EndGlobalSection
EndGlobal
