
Microsoft Visual Studio Solution File, Format Version 12.00
# Visual Studio 15
VisualStudioVersion = 15.0.27130.2003
MinimumVisualStudioVersion = 10.0.40219.1
Project("{FAE04EC0-301F-11D3-BF4B-00C04F79EFBC}") = "Kbry.Data", "Kbry.Data\Kbry.Data.csproj", "{302EF8BB-A82C-4AF8-9830-31E742C6D84D}"
EndProject
Project("{FAE04EC0-301F-11D3-BF4B-00C04F79EFBC}") = "Kbry.MVC", "Kbry.MVC\Kbry.MVC.csproj", "{DF532729-AF03-4AB0-BE19-871C30CF4911}"
EndProject
Global
	GlobalSection(SolutionConfigurationPlatforms) = preSolution
		Debug|Any CPU = Debug|Any CPU
		Debug|iPhone = Debug|iPhone
		Debug|iPhoneSimulator = Debug|iPhoneSimulator
		Release|Any CPU = Release|Any CPU
		Release|iPhone = Release|iPhone
		Release|iPhoneSimulator = Release|iPhoneSimulator
	EndGlobalSection
	GlobalSection(ProjectConfigurationPlatforms) = postSolution
		{302EF8BB-A82C-4AF8-9830-31E742C6D84D}.Debug|Any CPU.ActiveCfg = Debug|Any CPU
		{302EF8BB-A82C-4AF8-9830-31E742C6D84D}.Debug|Any CPU.Build.0 = Debug|Any CPU
		{302EF8BB-A82C-4AF8-9830-31E742C6D84D}.Debug|iPhone.ActiveCfg = Debug|Any CPU
		{302EF8BB-A82C-4AF8-9830-31E742C6D84D}.Debug|iPhone.Build.0 = Debug|Any CPU
		{302EF8BB-A82C-4AF8-9830-31E742C6D84D}.Debug|iPhoneSimulator.ActiveCfg = Debug|Any CPU
		{302EF8BB-A82C-4AF8-9830-31E742C6D84D}.Debug|iPhoneSimulator.Build.0 = Debug|Any CPU
		{302EF8BB-A82C-4AF8-9830-31E742C6D84D}.Release|Any CPU.ActiveCfg = Release|Any CPU
		{302EF8BB-A82C-4AF8-9830-31E742C6D84D}.Release|Any CPU.Build.0 = Release|Any CPU
		{302EF8BB-A82C-4AF8-9830-31E742C6D84D}.Release|iPhone.ActiveCfg = Release|Any CPU
		{302EF8BB-A82C-4AF8-9830-31E742C6D84D}.Release|iPhone.Build.0 = Release|Any CPU
		{302EF8BB-A82C-4AF8-9830-31E742C6D84D}.Release|iPhoneSimulator.ActiveCfg = Release|Any CPU
		{302EF8BB-A82C-4AF8-9830-31E742C6D84D}.Release|iPhoneSimulator.Build.0 = Release|Any CPU
		{DF532729-AF03-4AB0-BE19-871C30CF4911}.Debug|Any CPU.ActiveCfg = Debug|Any CPU
		{DF532729-AF03-4AB0-BE19-871C30CF4911}.Debug|Any CPU.Build.0 = Debug|Any CPU
		{DF532729-AF03-4AB0-BE19-871C30CF4911}.Debug|iPhone.ActiveCfg = Debug|Any CPU
		{DF532729-AF03-4AB0-BE19-871C30CF4911}.Debug|iPhone.Build.0 = Debug|Any CPU
		{DF532729-AF03-4AB0-BE19-871C30CF4911}.Debug|iPhoneSimulator.ActiveCfg = Debug|Any CPU
		{DF532729-AF03-4AB0-BE19-871C30CF4911}.Debug|iPhoneSimulator.Build.0 = Debug|Any CPU
		{DF532729-AF03-4AB0-BE19-871C30CF4911}.Release|Any CPU.ActiveCfg = Release|Any CPU
		{DF532729-AF03-4AB0-BE19-871C30CF4911}.Release|Any CPU.Build.0 = Release|Any CPU
		{DF532729-AF03-4AB0-BE19-871C30CF4911}.Release|iPhone.ActiveCfg = Release|Any CPU
		{DF532729-AF03-4AB0-BE19-871C30CF4911}.Release|iPhone.Build.0 = Release|Any CPU
		{DF532729-AF03-4AB0-BE19-871C30CF4911}.Release|iPhoneSimulator.ActiveCfg = Release|Any CPU
		{DF532729-AF03-4AB0-BE19-871C30CF4911}.Release|iPhoneSimulator.Build.0 = Release|Any CPU
	EndGlobalSection
	GlobalSection(SolutionProperties) = preSolution
		HideSolutionNode = FALSE
	EndGlobalSection
	GlobalSection(ExtensibilityGlobals) = postSolution
		SolutionGuid = {20815CE8-65BC-4F0F-8FA9-05638D79F5D9}
	EndGlobalSection
EndGlobal
